
Microsoft Visual Studio Solution File, Format Version 12.00
# Visual Studio Version 17
VisualStudioVersion = 17.0.31919.166
MinimumVisualStudioVersion = 10.0.40219.1
Project("{9A19103F-16F7-4668-BE54-9A1E7A4F7556}") = "Users.Api", "Users.Api\Users.Api.csproj", "{AA900F6B-9081-4AFC-8EAD-8932B66B75D7}"
EndProject
Project("{FAE04EC0-301F-11D3-BF4B-00C04F79EFBC}") = "UserWeb", "UserWeb\UserWeb.csproj", "{CBD5E12A-994D-44D7-871D-5B7BBEB228C5}"
EndProject
Global
	GlobalSection(SolutionConfigurationPlatforms) = preSolution
		Debug|Any CPU = Debug|Any CPU
		Release|Any CPU = Release|Any CPU
	EndGlobalSection
	GlobalSection(ProjectConfigurationPlatforms) = postSolution
		{AA900F6B-9081-4AFC-8EAD-8932B66B75D7}.Debug|Any CPU.ActiveCfg = Debug|Any CPU
		{AA900F6B-9081-4AFC-8EAD-8932B66B75D7}.Debug|Any CPU.Build.0 = Debug|Any CPU
		{AA900F6B-9081-4AFC-8EAD-8932B66B75D7}.Release|Any CPU.ActiveCfg = Release|Any CPU
		{AA900F6B-9081-4AFC-8EAD-8932B66B75D7}.Release|Any CPU.Build.0 = Release|Any CPU
		{CBD5E12A-994D-44D7-871D-5B7BBEB228C5}.Debug|Any CPU.ActiveCfg = Debug|Any CPU
		{CBD5E12A-994D-44D7-871D-5B7BBEB228C5}.Debug|Any CPU.Build.0 = Debug|Any CPU
		{CBD5E12A-994D-44D7-871D-5B7BBEB228C5}.Release|Any CPU.ActiveCfg = Release|Any CPU
		{CBD5E12A-994D-44D7-871D-5B7BBEB228C5}.Release|Any CPU.Build.0 = Release|Any CPU
	EndGlobalSection
	GlobalSection(SolutionProperties) = preSolution
		HideSolutionNode = FALSE
	EndGlobalSection
	GlobalSection(ExtensibilityGlobals) = postSolution
		SolutionGuid = {D4DCD6F1-21E5-425A-8A39-4451D6CEB6CD}
	EndGlobalSection
EndGlobal
